
Microsoft Visual Studio Solution File, Format Version 12.00
# Visual Studio 15
Project("{FAE04EC0-301F-11D3-BF4B-00C04F79EFBC}") = "NetCore", "NetCore\NetCore.csproj", "{151842B9-C328-472F-9740-0EA54EA615DA}"
EndProject
Global
	GlobalSection(SolutionConfigurationPlatforms) = preSolution
		Debug|Any CPU = Debug|Any CPU
		Release|Any CPU = Release|Any CPU
	EndGlobalSection
	GlobalSection(ProjectConfigurationPlatforms) = postSolution
		{151842B9-C328-472F-9740-0EA54EA615DA}.Debug|Any CPU.ActiveCfg = Debug|Any CPU
		{151842B9-C328-472F-9740-0EA54EA615DA}.Debug|Any CPU.Build.0 = Debug|Any CPU
		{151842B9-C328-472F-9740-0EA54EA615DA}.Release|Any CPU.ActiveCfg = Release|Any CPU
		{151842B9-C328-472F-9740-0EA54EA615DA}.Release|Any CPU.Build.0 = Release|Any CPU
	EndGlobalSection
EndGlobal
